// !$*UTF8*$!
{
	archiveVersion = 1;
	classes = {
	};
	objectVersion = 63;
	objects = {

/* Begin PBXBuildFile section */
		1B3A90C82CBEF5F200F3F71C /* SDWebImage in Frameworks */ = {isa = PBXBuildFile; productRef = 1B3A90C72CBEF5F200F3F71C /* SDWebImage */; };
		1B3A917C2CC0068A00F3F71C /* Assets.xcassets in Resources */ = {isa = PBXBuildFile; fileRef = 1B3A91662CC0068A00F3F71C /* Assets.xcassets */; };
		1B3A917E2CC0068A00F3F71C /* LaunchScreen.storyboard in Resources */ = {isa = PBXBuildFile; fileRef = 1B3A916D2CC0068A00F3F71C /* LaunchScreen.storyboard */; };
		1B3A917F2CC0068A00F3F71C /* ArticleTableViewCell.xib in Resources */ = {isa = PBXBuildFile; fileRef = 1B3A91732CC0068A00F3F71C /* ArticleTableViewCell.xib */; };
		1B3A91802CC0068A00F3F71C /* Main.storyboard in Resources */ = {isa = PBXBuildFile; fileRef = 1B3A91762CC0068A00F3F71C /* Main.storyboard */; };
		1B3A91812CC0068A00F3F71C /* HomeTableViewController.swift in Sources */ = {isa = PBXBuildFile; fileRef = 1B3A91612CC0068A00F3F71C /* HomeTableViewController.swift */; };
		1B3A91822CC0068A00F3F71C /* Article.swift in Sources */ = {isa = PBXBuildFile; fileRef = 1B3A91632CC0068A00F3F71C /* Article.swift */; };
		1B3A91832CC0068A00F3F71C /* Recommendations.swift in Sources */ = {isa = PBXBuildFile; fileRef = 1B3A91642CC0068A00F3F71C /* Recommendations.swift */; };
		1B3A91842CC0068A00F3F71C /* AppDelegate.swift in Sources */ = {isa = PBXBuildFile; fileRef = 1B3A91682CC0068A00F3F71C /* AppDelegate.swift */; };
		1B3A91852CC0068A00F3F71C /* SceneDelegate.swift in Sources */ = {isa = PBXBuildFile; fileRef = 1B3A91692CC0068A00F3F71C /* SceneDelegate.swift */; };
		1B3A91862CC0068A00F3F71C /* Constants.swift in Sources */ = {isa = PBXBuildFile; fileRef = 1B3A916F2CC0068A00F3F71C /* Constants.swift */; };
		1B3A91872CC0068A00F3F71C /* Storage.swift in Sources */ = {isa = PBXBuildFile; fileRef = 1B3A91702CC0068A00F3F71C /* Storage.swift */; };
		1B3A91882CC0068A00F3F71C /* ArticleTableViewCell.swift in Sources */ = {isa = PBXBuildFile; fileRef = 1B3A91722CC0068A00F3F71C /* ArticleTableViewCell.swift */; };
		1B3A91892CC0068A00F3F71C /* RequestResponse.swift in Sources */ = {isa = PBXBuildFile; fileRef = 1B3A91782CC0068A00F3F71C /* RequestResponse.swift */; };
		1B3A918A2CC0068A00F3F71C /* TheGlobeAPI.swift in Sources */ = {isa = PBXBuildFile; fileRef = 1B3A91792CC0068A00F3F71C /* TheGlobeAPI.swift */; };
/* End PBXBuildFile section */

/* Begin PBXFileReference section */
		1B3A91612CC0068A00F3F71C /* HomeTableViewController.swift */ = {isa = PBXFileReference; lastKnownFileType = sourcecode.swift; path = HomeTableViewController.swift; sourceTree = "<group>"; };
		1B3A91632CC0068A00F3F71C /* Article.swift */ = {isa = PBXFileReference; lastKnownFileType = sourcecode.swift; path = Article.swift; sourceTree = "<group>"; };
		1B3A91642CC0068A00F3F71C /* Recommendations.swift */ = {isa = PBXFileReference; lastKnownFileType = sourcecode.swift; path = Recommendations.swift; sourceTree = "<group>"; };
		1B3A91662CC0068A00F3F71C /* Assets.xcassets */ = {isa = PBXFileReference; lastKnownFileType = folder.assetcatalog; path = Assets.xcassets; sourceTree = "<group>"; };
		1B3A91682CC0068A00F3F71C /* AppDelegate.swift */ = {isa = PBXFileReference; lastKnownFileType = sourcecode.swift; path = AppDelegate.swift; sourceTree = "<group>"; };
		1B3A91692CC0068A00F3F71C /* SceneDelegate.swift */ = {isa = PBXFileReference; lastKnownFileType = sourcecode.swift; path = SceneDelegate.swift; sourceTree = "<group>"; };
		1B3A916B2CC0068A00F3F71C /* Info.plist */ = {isa = PBXFileReference; lastKnownFileType = text.plist.xml; path = Info.plist; sourceTree = "<group>"; };
		1B3A916C2CC0068A00F3F71C /* Base */ = {isa = PBXFileReference; lastKnownFileType = file.storyboard; name = Base; path = Base.lproj/LaunchScreen.storyboard; sourceTree = "<group>"; };
		1B3A916F2CC0068A00F3F71C /* Constants.swift */ = {isa = PBXFileReference; lastKnownFileType = sourcecode.swift; path = Constants.swift; sourceTree = "<group>"; };
		1B3A91702CC0068A00F3F71C /* Storage.swift */ = {isa = PBXFileReference; lastKnownFileType = sourcecode.swift; path = Storage.swift; sourceTree = "<group>"; };
		1B3A91722CC0068A00F3F71C /* ArticleTableViewCell.swift */ = {isa = PBXFileReference; lastKnownFileType = sourcecode.swift; path = ArticleTableViewCell.swift; sourceTree = "<group>"; };
		1B3A91732CC0068A00F3F71C /* ArticleTableViewCell.xib */ = {isa = PBXFileReference; lastKnownFileType = file.xib; path = ArticleTableViewCell.xib; sourceTree = "<group>"; };
		1B3A91752CC0068A00F3F71C /* Base */ = {isa = PBXFileReference; lastKnownFileType = file.storyboard; name = Base; path = Base.lproj/Main.storyboard; sourceTree = "<group>"; };
		1B3A91782CC0068A00F3F71C /* RequestResponse.swift */ = {isa = PBXFileReference; lastKnownFileType = sourcecode.swift; path = RequestResponse.swift; sourceTree = "<group>"; };
		1B3A91792CC0068A00F3F71C /* TheGlobeAPI.swift */ = {isa = PBXFileReference; lastKnownFileType = sourcecode.swift; path = TheGlobeAPI.swift; sourceTree = "<group>"; };
		1B3EEA5B2CBE27C800168E8E /* The Globe.app */ = {isa = PBXFileReference; explicitFileType = wrapper.application; includeInIndex = 0; path = "The Globe.app"; sourceTree = BUILT_PRODUCTS_DIR; };
/* End PBXFileReference section */

/* Begin PBXFrameworksBuildPhase section */
		1B3EEA582CBE27C800168E8E /* Frameworks */ = {
			isa = PBXFrameworksBuildPhase;
			buildActionMask = 2147483647;
			files = (
				1B3A90C82CBEF5F200F3F71C /* SDWebImage in Frameworks */,
			);
			runOnlyForDeploymentPostprocessing = 0;
		};
/* End PBXFrameworksBuildPhase section */

/* Begin PBXGroup section */
		1B3A91622CC0068A00F3F71C /* Controllers */ = {
			isa = PBXGroup;
			children = (
				1B3A91612CC0068A00F3F71C /* HomeTableViewController.swift */,
			);
			path = Controllers;
			sourceTree = "<group>";
		};
		1B3A91652CC0068A00F3F71C /* Models */ = {
			isa = PBXGroup;
			children = (
				1B3A91632CC0068A00F3F71C /* Article.swift */,
				1B3A91642CC0068A00F3F71C /* Recommendations.swift */,
			);
			path = Models;
			sourceTree = "<group>";
		};
		1B3A91672CC0068A00F3F71C /* Resources */ = {
			isa = PBXGroup;
			children = (
				1B3A91662CC0068A00F3F71C /* Assets.xcassets */,
			);
			path = Resources;
			sourceTree = "<group>";
		};
		1B3A916A2CC0068A00F3F71C /* Startup */ = {
			isa = PBXGroup;
			children = (
				1B3A91682CC0068A00F3F71C /* AppDelegate.swift */,
				1B3A91692CC0068A00F3F71C /* SceneDelegate.swift */,
			);
			path = Startup;
			sourceTree = "<group>";
		};
		1B3A916E2CC0068A00F3F71C /* Supporting Files */ = {
			isa = PBXGroup;
			children = (
				1B3A916B2CC0068A00F3F71C /* Info.plist */,
				1B3A916D2CC0068A00F3F71C /* LaunchScreen.storyboard */,
			);
			path = "Supporting Files";
			sourceTree = "<group>";
		};
		1B3A91712CC0068A00F3F71C /* Utilities */ = {
			isa = PBXGroup;
			children = (
				1B3A916F2CC0068A00F3F71C /* Constants.swift */,
				1B3A91702CC0068A00F3F71C /* Storage.swift */,
			);
			path = Utilities;
			sourceTree = "<group>";
		};
		1B3A91742CC0068A00F3F71C /* Articles */ = {
			isa = PBXGroup;
			children = (
				1B3A91722CC0068A00F3F71C /* ArticleTableViewCell.swift */,
				1B3A91732CC0068A00F3F71C /* ArticleTableViewCell.xib */,
			);
			path = Articles;
			sourceTree = "<group>";
		};
		1B3A91772CC0068A00F3F71C /* Views */ = {
			isa = PBXGroup;
			children = (
				1B3A91742CC0068A00F3F71C /* Articles */,
				1B3A91762CC0068A00F3F71C /* Main.storyboard */,
			);
			path = Views;
			sourceTree = "<group>";
		};
		1B3A917A2CC0068A00F3F71C /* Web Services */ = {
			isa = PBXGroup;
			children = (
				1B3A91782CC0068A00F3F71C /* RequestResponse.swift */,
				1B3A91792CC0068A00F3F71C /* TheGlobeAPI.swift */,
			);
			path = "Web Services";
			sourceTree = "<group>";
		};
		1B3A917B2CC0068A00F3F71C /* The Globe */ = {
			isa = PBXGroup;
			children = (
				1B3A91622CC0068A00F3F71C /* Controllers */,
				1B3A91652CC0068A00F3F71C /* Models */,
				1B3A91672CC0068A00F3F71C /* Resources */,
				1B3A916A2CC0068A00F3F71C /* Startup */,
				1B3A916E2CC0068A00F3F71C /* Supporting Files */,
				1B3A91712CC0068A00F3F71C /* Utilities */,
				1B3A91772CC0068A00F3F71C /* Views */,
				1B3A917A2CC0068A00F3F71C /* Web Services */,
			);
			path = "The Globe";
			sourceTree = "<group>";
		};
		1B3EEA522CBE27C800168E8E = {
			isa = PBXGroup;
			children = (
				1B3A917B2CC0068A00F3F71C /* The Globe */,
				1B3EEA5C2CBE27C800168E8E /* Products */,
			);
			sourceTree = "<group>";
		};
		1B3EEA5C2CBE27C800168E8E /* Products */ = {
			isa = PBXGroup;
			children = (
				1B3EEA5B2CBE27C800168E8E /* The Globe.app */,
			);
			name = Products;
			sourceTree = "<group>";
		};
/* End PBXGroup section */

/* Begin PBXNativeTarget section */
		1B3EEA5A2CBE27C800168E8E /* The Globe */ = {
			isa = PBXNativeTarget;
			buildConfigurationList = 1B3EEA712CBE27C900168E8E /* Build configuration list for PBXNativeTarget "The Globe" */;
			buildPhases = (
				1B3EEA572CBE27C800168E8E /* Sources */,
				1B3EEA582CBE27C800168E8E /* Frameworks */,
				1B3EEA592CBE27C800168E8E /* Resources */,
			);
			buildRules = (
			);
			dependencies = (
			);
			name = "The Globe";
			packageProductDependencies = (
				1B3A90C72CBEF5F200F3F71C /* SDWebImage */,
			);
			productName = "The Globe";
			productReference = 1B3EEA5B2CBE27C800168E8E /* The Globe.app */;
			productType = "com.apple.product-type.application";
		};
/* End PBXNativeTarget section */

/* Begin PBXProject section */
		1B3EEA532CBE27C800168E8E /* Project object */ = {
			isa = PBXProject;
			attributes = {
				BuildIndependentTargetsInParallel = 1;
				LastSwiftUpdateCheck = 1600;
				LastUpgradeCheck = 1600;
				TargetAttributes = {
					1B3EEA5A2CBE27C800168E8E = {
						CreatedOnToolsVersion = 16.0;
					};
				};
			};
			buildConfigurationList = 1B3EEA562CBE27C800168E8E /* Build configuration list for PBXProject "The Globe" */;
			compatibilityVersion = "Xcode 15.0";
			developmentRegion = en;
			hasScannedForEncodings = 0;
			knownRegions = (
				en,
				Base,
			);
			mainGroup = 1B3EEA522CBE27C800168E8E;
			minimizedProjectReferenceProxies = 1;
			packageReferences = (
				1B3A90C62CBEF5F200F3F71C /* XCRemoteSwiftPackageReference "SDWebImage" */,
			);
			productRefGroup = 1B3EEA5C2CBE27C800168E8E /* Products */;
			projectDirPath = "";
			projectRoot = "";
			targets = (
				1B3EEA5A2CBE27C800168E8E /* The Globe */,
			);
		};
/* End PBXProject section */

/* Begin PBXResourcesBuildPhase section */
		1B3EEA592CBE27C800168E8E /* Resources */ = {
			isa = PBXResourcesBuildPhase;
			buildActionMask = 2147483647;
			files = (
				1B3A917C2CC0068A00F3F71C /* Assets.xcassets in Resources */,
				1B3A917E2CC0068A00F3F71C /* LaunchScreen.storyboard in Resources */,
				1B3A917F2CC0068A00F3F71C /* ArticleTableViewCell.xib in Resources */,
				1B3A91802CC0068A00F3F71C /* Main.storyboard in Resources */,
			);
			runOnlyForDeploymentPostprocessing = 0;
		};
/* End PBXResourcesBuildPhase section */

/* Begin PBXSourcesBuildPhase section */
		1B3EEA572CBE27C800168E8E /* Sources */ = {
			isa = PBXSourcesBuildPhase;
			buildActionMask = 2147483647;
			files = (
				1B3A91812CC0068A00F3F71C /* HomeTableViewController.swift in Sources */,
				1B3A91822CC0068A00F3F71C /* Article.swift in Sources */,
				1B3A91832CC0068A00F3F71C /* Recommendations.swift in Sources */,
				1B3A91842CC0068A00F3F71C /* AppDelegate.swift in Sources */,
				1B3A91852CC0068A00F3F71C /* SceneDelegate.swift in Sources */,
				1B3A91862CC0068A00F3F71C /* Constants.swift in Sources */,
				1B3A91872CC0068A00F3F71C /* Storage.swift in Sources */,
				1B3A91882CC0068A00F3F71C /* ArticleTableViewCell.swift in Sources */,
				1B3A91892CC0068A00F3F71C /* RequestResponse.swift in Sources */,
				1B3A918A2CC0068A00F3F71C /* TheGlobeAPI.swift in Sources */,
			);
			runOnlyForDeploymentPostprocessing = 0;
		};
/* End PBXSourcesBuildPhase section */

/* Begin PBXVariantGroup section */
		1B3A916D2CC0068A00F3F71C /* LaunchScreen.storyboard */ = {
			isa = PBXVariantGroup;
			children = (
				1B3A916C2CC0068A00F3F71C /* Base */,
			);
			name = LaunchScreen.storyboard;
			sourceTree = "<group>";
		};
		1B3A91762CC0068A00F3F71C /* Main.storyboard */ = {
			isa = PBXVariantGroup;
			children = (
				1B3A91752CC0068A00F3F71C /* Base */,
			);
			name = Main.storyboard;
			sourceTree = "<group>";
		};
/* End PBXVariantGroup section */

/* Begin XCBuildConfiguration section */
		1B3EEA722CBE27C900168E8E /* Debug */ = {
			isa = XCBuildConfiguration;
			buildSettings = {
				ASSETCATALOG_COMPILER_APPICON_NAME = AppIcon;
				ASSETCATALOG_COMPILER_GLOBAL_ACCENT_COLOR_NAME = AccentColor;
				CODE_SIGN_STYLE = Automatic;
				CURRENT_PROJECT_VERSION = 1;
				DEVELOPMENT_TEAM = LFW59DY95R;
				GENERATE_INFOPLIST_FILE = YES;
				INFOPLIST_FILE = "The Globe/Supporting Files/Info.plist";
				INFOPLIST_KEY_LSApplicationCategoryType = "public.app-category.news";
				INFOPLIST_KEY_UIApplicationSupportsIndirectInputEvents = YES;
				INFOPLIST_KEY_UILaunchStoryboardName = LaunchScreen;
				INFOPLIST_KEY_UIMainStoryboardFile = Main;
				INFOPLIST_KEY_UISupportedInterfaceOrientations = UIInterfaceOrientationPortrait;
				IPHONEOS_DEPLOYMENT_TARGET = 17.0;
				LD_RUNPATH_SEARCH_PATHS = (
					"$(inherited)",
					"@executable_path/Frameworks",
				);
				MARKETING_VERSION = 1.0;
				PRODUCT_BUNDLE_IDENTIFIER = "com.bilalkhawar.The-Globe";
				PRODUCT_NAME = "$(TARGET_NAME)";
				SWIFT_EMIT_LOC_STRINGS = YES;
				SWIFT_VERSION = 5.0;
				TARGETED_DEVICE_FAMILY = "1,2";
			};
			name = Debug;
		};
		1B3EEA732CBE27C900168E8E /* Release */ = {
			isa = XCBuildConfiguration;
			buildSettings = {
				ASSETCATALOG_COMPILER_APPICON_NAME = AppIcon;
				ASSETCATALOG_COMPILER_GLOBAL_ACCENT_COLOR_NAME = AccentColor;
				CODE_SIGN_STYLE = Automatic;
				CURRENT_PROJECT_VERSION = 1;
				DEVELOPMENT_TEAM = LFW59DY95R;
				GENERATE_INFOPLIST_FILE = YES;
				INFOPLIST_FILE = "The Globe/Supporting Files/Info.plist";
				INFOPLIST_KEY_LSApplicationCategoryType = "public.app-category.news";
				INFOPLIST_KEY_UIApplicationSupportsIndirectInputEvents = YES;
				INFOPLIST_KEY_UILaunchStoryboardName = LaunchScreen;
				INFOPLIST_KEY_UIMainStoryboardFile = Main;
				INFOPLIST_KEY_UISupportedInterfaceOrientations = UIInterfaceOrientationPortrait;
				IPHONEOS_DEPLOYMENT_TARGET = 17.0;
				LD_RUNPATH_SEARCH_PATHS = (
					"$(inherited)",
					"@executable_path/Frameworks",
				);
				MARKETING_VERSION = 1.0;
				PRODUCT_BUNDLE_IDENTIFIER = "com.bilalkhawar.The-Globe";
				PRODUCT_NAME = "$(TARGET_NAME)";
				SWIFT_EMIT_LOC_STRINGS = YES;
				SWIFT_VERSION = 5.0;
				TARGETED_DEVICE_FAMILY = "1,2";
			};
			name = Release;
		};
		1B3EEA742CBE27C900168E8E /* Debug */ = {
			isa = XCBuildConfiguration;
			buildSettings = {
				ALWAYS_SEARCH_USER_PATHS = NO;
				ASSETCATALOG_COMPILER_GENERATE_SWIFT_ASSET_SYMBOL_EXTENSIONS = YES;
				CLANG_ANALYZER_NONNULL = YES;
				CLANG_ANALYZER_NUMBER_OBJECT_CONVERSION = YES_AGGRESSIVE;
				CLANG_CXX_LANGUAGE_STANDARD = "gnu++20";
				CLANG_ENABLE_MODULES = YES;
				CLANG_ENABLE_OBJC_ARC = YES;
				CLANG_ENABLE_OBJC_WEAK = YES;
				CLANG_WARN_BLOCK_CAPTURE_AUTORELEASING = YES;
				CLANG_WARN_BOOL_CONVERSION = YES;
				CLANG_WARN_COMMA = YES;
				CLANG_WARN_CONSTANT_CONVERSION = YES;
				CLANG_WARN_DEPRECATED_OBJC_IMPLEMENTATIONS = YES;
				CLANG_WARN_DIRECT_OBJC_ISA_USAGE = YES_ERROR;
				CLANG_WARN_DOCUMENTATION_COMMENTS = YES;
				CLANG_WARN_EMPTY_BODY = YES;
				CLANG_WARN_ENUM_CONVERSION = YES;
				CLANG_WARN_INFINITE_RECURSION = YES;
				CLANG_WARN_INT_CONVERSION = YES;
				CLANG_WARN_NON_LITERAL_NULL_CONVERSION = YES;
				CLANG_WARN_OBJC_IMPLICIT_RETAIN_SELF = YES;
				CLANG_WARN_OBJC_LITERAL_CONVERSION = YES;
				CLANG_WARN_OBJC_ROOT_CLASS = YES_ERROR;
				CLANG_WARN_QUOTED_INCLUDE_IN_FRAMEWORK_HEADER = YES;
				CLANG_WARN_RANGE_LOOP_ANALYSIS = YES;
				CLANG_WARN_STRICT_PROTOTYPES = YES;
				CLANG_WARN_SUSPICIOUS_MOVE = YES;
				CLANG_WARN_UNGUARDED_AVAILABILITY = YES_AGGRESSIVE;
				CLANG_WARN_UNREACHABLE_CODE = YES;
				CLANG_WARN__DUPLICATE_METHOD_MATCH = YES;
				COPY_PHASE_STRIP = NO;
				DEBUG_INFORMATION_FORMAT = dwarf;
				ENABLE_STRICT_OBJC_MSGSEND = YES;
				ENABLE_TESTABILITY = YES;
				ENABLE_USER_SCRIPT_SANDBOXING = YES;
				GCC_C_LANGUAGE_STANDARD = gnu17;
				GCC_DYNAMIC_NO_PIC = NO;
				GCC_NO_COMMON_BLOCKS = YES;
				GCC_OPTIMIZATION_LEVEL = 0;
				GCC_PREPROCESSOR_DEFINITIONS = (
					"DEBUG=1",
					"$(inherited)",
				);
				GCC_WARN_64_TO_32_BIT_CONVERSION = YES;
				GCC_WARN_ABOUT_RETURN_TYPE = YES_ERROR;
				GCC_WARN_UNDECLARED_SELECTOR = YES;
				GCC_WARN_UNINITIALIZED_AUTOS = YES_AGGRESSIVE;
				GCC_WARN_UNUSED_FUNCTION = YES;
				GCC_WARN_UNUSED_VARIABLE = YES;
				IPHONEOS_DEPLOYMENT_TARGET = 18.0;
				LOCALIZATION_PREFERS_STRING_CATALOGS = YES;
				MTL_ENABLE_DEBUG_INFO = INCLUDE_SOURCE;
				MTL_FAST_MATH = YES;
				ONLY_ACTIVE_ARCH = YES;
				SDKROOT = iphoneos;
				SWIFT_ACTIVE_COMPILATION_CONDITIONS = "DEBUG $(inherited)";
				SWIFT_OPTIMIZATION_LEVEL = "-Onone";
			};
			name = Debug;
		};
		1B3EEA752CBE27C900168E8E /* Release */ = {
			isa = XCBuildConfiguration;
			buildSettings = {
				ALWAYS_SEARCH_USER_PATHS = NO;
				ASSETCATALOG_COMPILER_GENERATE_SWIFT_ASSET_SYMBOL_EXTENSIONS = YES;
				CLANG_ANALYZER_NONNULL = YES;
				CLANG_ANALYZER_NUMBER_OBJECT_CONVERSION = YES_AGGRESSIVE;
				CLANG_CXX_LANGUAGE_STANDARD = "gnu++20";
				CLANG_ENABLE_MODULES = YES;
				CLANG_ENABLE_OBJC_ARC = YES;
				CLANG_ENABLE_OBJC_WEAK = YES;
				CLANG_WARN_BLOCK_CAPTURE_AUTORELEASING = YES;
				CLANG_WARN_BOOL_CONVERSION = YES;
				CLANG_WARN_COMMA = YES;
				CLANG_WARN_CONSTANT_CONVERSION = YES;
				CLANG_WARN_DEPRECATED_OBJC_IMPLEMENTATIONS = YES;
				CLANG_WARN_DIRECT_OBJC_ISA_USAGE = YES_ERROR;
				CLANG_WARN_DOCUMENTATION_COMMENTS = YES;
				CLANG_WARN_EMPTY_BODY = YES;
				CLANG_WARN_ENUM_CONVERSION = YES;
				CLANG_WARN_INFINITE_RECURSION = YES;
				CLANG_WARN_INT_CONVERSION = YES;
				CLANG_WARN_NON_LITERAL_NULL_CONVERSION = YES;
				CLANG_WARN_OBJC_IMPLICIT_RETAIN_SELF = YES;
				CLANG_WARN_OBJC_LITERAL_CONVERSION = YES;
				CLANG_WARN_OBJC_ROOT_CLASS = YES_ERROR;
				CLANG_WARN_QUOTED_INCLUDE_IN_FRAMEWORK_HEADER = YES;
				CLANG_WARN_RANGE_LOOP_ANALYSIS = YES;
				CLANG_WARN_STRICT_PROTOTYPES = YES;
				CLANG_WARN_SUSPICIOUS_MOVE = YES;
				CLANG_WARN_UNGUARDED_AVAILABILITY = YES_AGGRESSIVE;
				CLANG_WARN_UNREACHABLE_CODE = YES;
				CLANG_WARN__DUPLICATE_METHOD_MATCH = YES;
				COPY_PHASE_STRIP = NO;
				DEBUG_INFORMATION_FORMAT = "dwarf-with-dsym";
				ENABLE_NS_ASSERTIONS = NO;
				ENABLE_STRICT_OBJC_MSGSEND = YES;
				ENABLE_USER_SCRIPT_SANDBOXING = YES;
				GCC_C_LANGUAGE_STANDARD = gnu17;
				GCC_NO_COMMON_BLOCKS = YES;
				GCC_WARN_64_TO_32_BIT_CONVERSION = YES;
				GCC_WARN_ABOUT_RETURN_TYPE = YES_ERROR;
				GCC_WARN_UNDECLARED_SELECTOR = YES;
				GCC_WARN_UNINITIALIZED_AUTOS = YES_AGGRESSIVE;
				GCC_WARN_UNUSED_FUNCTION = YES;
				GCC_WARN_UNUSED_VARIABLE = YES;
				IPHONEOS_DEPLOYMENT_TARGET = 18.0;
				LOCALIZATION_PREFERS_STRING_CATALOGS = YES;
				MTL_ENABLE_DEBUG_INFO = NO;
				MTL_FAST_MATH = YES;
				SDKROOT = iphoneos;
				SWIFT_COMPILATION_MODE = wholemodule;
				VALIDATE_PRODUCT = YES;
			};
			name = Release;
		};
/* End XCBuildConfiguration section */

/* Begin XCConfigurationList section */
		1B3EEA562CBE27C800168E8E /* Build configuration list for PBXProject "The Globe" */ = {
			isa = XCConfigurationList;
			buildConfigurations = (
				1B3EEA742CBE27C900168E8E /* Debug */,
				1B3EEA752CBE27C900168E8E /* Release */,
			);
			defaultConfigurationIsVisible = 0;
			defaultConfigurationName = Release;
		};
		1B3EEA712CBE27C900168E8E /* Build configuration list for PBXNativeTarget "The Globe" */ = {
			isa = XCConfigurationList;
			buildConfigurations = (
				1B3EEA722CBE27C900168E8E /* Debug */,
				1B3EEA732CBE27C900168E8E /* Release */,
			);
			defaultConfigurationIsVisible = 0;
			defaultConfigurationName = Release;
		};
/* End XCConfigurationList section */

/* Begin XCRemoteSwiftPackageReference section */
		1B3A90C62CBEF5F200F3F71C /* XCRemoteSwiftPackageReference "SDWebImage" */ = {
			isa = XCRemoteSwiftPackageReference;
			repositoryURL = "https://github.com/SDWebImage/SDWebImage";
			requirement = {
				kind = upToNextMajorVersion;
				minimumVersion = 5.19.7;
			};
		};
/* End XCRemoteSwiftPackageReference section */

/* Begin XCSwiftPackageProductDependency section */
		1B3A90C72CBEF5F200F3F71C /* SDWebImage */ = {
			isa = XCSwiftPackageProductDependency;
			package = 1B3A90C62CBEF5F200F3F71C /* XCRemoteSwiftPackageReference "SDWebImage" */;
			productName = SDWebImage;
		};
/* End XCSwiftPackageProductDependency section */
	};
	rootObject = 1B3EEA532CBE27C800168E8E /* Project object */;
}
